
Microsoft Visual Studio Solution File, Format Version 12.00
# Visual Studio Version 17
VisualStudioVersion = 17.5.33627.172
MinimumVisualStudioVersion = 10.0.40219.1
Project("{9A19103F-16F7-4668-BE54-9A1E7A4F7556}") = "EntityFrameworkCore", "EntityFrameworkCore\EntityFrameworkCore.csproj", "{8C5EA491-1485-4DF2-A7E9-B1DF19ED9F59}"
EndProject
Project("{9A19103F-16F7-4668-BE54-9A1E7A4F7556}") = "10_PersistingTheData", "10_PersistingTheData\10_PersistingTheData.csproj", "{B78B2175-71A4-44E5-8ACB-5A155AAEF05D}"
EndProject
Project("{9A19103F-16F7-4668-BE54-9A1E7A4F7556}") = "11_PersistingTheDataUpdate", "11_PersistingTheDataUpdate\11_PersistingTheDataUpdate.csproj", "{13805A5A-9A40-48BC-AA9D-33EDDED211F2}"
EndProject
Project("{9A19103F-16F7-4668-BE54-9A1E7A4F7556}") = "12_PersistingTheDataDelete", "12_PersistingTheDataDelete\12_PersistingTheDataDelete.csproj", "{F6CFD5FE-5D77-4E06-B0BA-D4350404B1AD}"
EndProject
Project("{9A19103F-16F7-4668-BE54-9A1E7A4F7556}") = "13_Querying", "13_Querying\13_Querying.csproj", "{1F5AFD2D-DBC3-4E57-99CB-6675D7157468}"
EndProject
Project("{9A19103F-16F7-4668-BE54-9A1E7A4F7556}") = "14_ChangeTracker", "14_ChangeTracker\14_ChangeTracker.csproj", "{7C6C6CFE-0089-4B05-86BC-84B9B23B67F5}"
EndProject
Project("{9A19103F-16F7-4668-BE54-9A1E7A4F7556}") = "15_Tracking", "15_Tracking\15_Tracking.csproj", "{2ABEF608-6953-4FD2-8F8A-83BEBD4737B8}"
EndProject
Project("{9A19103F-16F7-4668-BE54-9A1E7A4F7556}") = "16_Relationships", "16_Relationships\16_Relationships.csproj", "{4B189B40-34D2-40D6-A905-A366101078DC}"
EndProject
Project("{FAE04EC0-301F-11D3-BF4B-00C04F79EFBC}") = "One_To_One_Relationship", "One_To_One_Relationship\One_To_One_Relationship.csproj", "{A6DE4F73-2DA1-4D15-9FBA-507B81653F1B}"
EndProject
Global
	GlobalSection(SolutionConfigurationPlatforms) = preSolution
		Debug|Any CPU = Debug|Any CPU
		Release|Any CPU = Release|Any CPU
	EndGlobalSection
	GlobalSection(ProjectConfigurationPlatforms) = postSolution
		{8C5EA491-1485-4DF2-A7E9-B1DF19ED9F59}.Debug|Any CPU.ActiveCfg = Debug|Any CPU
		{8C5EA491-1485-4DF2-A7E9-B1DF19ED9F59}.Debug|Any CPU.Build.0 = Debug|Any CPU
		{8C5EA491-1485-4DF2-A7E9-B1DF19ED9F59}.Release|Any CPU.ActiveCfg = Release|Any CPU
		{8C5EA491-1485-4DF2-A7E9-B1DF19ED9F59}.Release|Any CPU.Build.0 = Release|Any CPU
		{B78B2175-71A4-44E5-8ACB-5A155AAEF05D}.Debug|Any CPU.ActiveCfg = Debug|Any CPU
		{B78B2175-71A4-44E5-8ACB-5A155AAEF05D}.Debug|Any CPU.Build.0 = Debug|Any CPU
		{B78B2175-71A4-44E5-8ACB-5A155AAEF05D}.Release|Any CPU.ActiveCfg = Release|Any CPU
		{B78B2175-71A4-44E5-8ACB-5A155AAEF05D}.Release|Any CPU.Build.0 = Release|Any CPU
		{13805A5A-9A40-48BC-AA9D-33EDDED211F2}.Debug|Any CPU.ActiveCfg = Debug|Any CPU
		{13805A5A-9A40-48BC-AA9D-33EDDED211F2}.Debug|Any CPU.Build.0 = Debug|Any CPU
		{13805A5A-9A40-48BC-AA9D-33EDDED211F2}.Release|Any CPU.ActiveCfg = Release|Any CPU
		{13805A5A-9A40-48BC-AA9D-33EDDED211F2}.Release|Any CPU.Build.0 = Release|Any CPU
		{F6CFD5FE-5D77-4E06-B0BA-D4350404B1AD}.Debug|Any CPU.ActiveCfg = Debug|Any CPU
		{F6CFD5FE-5D77-4E06-B0BA-D4350404B1AD}.Debug|Any CPU.Build.0 = Debug|Any CPU
		{F6CFD5FE-5D77-4E06-B0BA-D4350404B1AD}.Release|Any CPU.ActiveCfg = Release|Any CPU
		{F6CFD5FE-5D77-4E06-B0BA-D4350404B1AD}.Release|Any CPU.Build.0 = Release|Any CPU
		{1F5AFD2D-DBC3-4E57-99CB-6675D7157468}.Debug|Any CPU.ActiveCfg = Debug|Any CPU
		{1F5AFD2D-DBC3-4E57-99CB-6675D7157468}.Debug|Any CPU.Build.0 = Debug|Any CPU
		{1F5AFD2D-DBC3-4E57-99CB-6675D7157468}.Release|Any CPU.ActiveCfg = Release|Any CPU
		{1F5AFD2D-DBC3-4E57-99CB-6675D7157468}.Release|Any CPU.Build.0 = Release|Any CPU
		{7C6C6CFE-0089-4B05-86BC-84B9B23B67F5}.Debug|Any CPU.ActiveCfg = Debug|Any CPU
		{7C6C6CFE-0089-4B05-86BC-84B9B23B67F5}.Debug|Any CPU.Build.0 = Debug|Any CPU
		{7C6C6CFE-0089-4B05-86BC-84B9B23B67F5}.Release|Any CPU.ActiveCfg = Release|Any CPU
		{7C6C6CFE-0089-4B05-86BC-84B9B23B67F5}.Release|Any CPU.Build.0 = Release|Any CPU
		{2ABEF608-6953-4FD2-8F8A-83BEBD4737B8}.Debug|Any CPU.ActiveCfg = Debug|Any CPU
		{2ABEF608-6953-4FD2-8F8A-83BEBD4737B8}.Debug|Any CPU.Build.0 = Debug|Any CPU
		{2ABEF608-6953-4FD2-8F8A-83BEBD4737B8}.Release|Any CPU.ActiveCfg = Release|Any CPU
		{2ABEF608-6953-4FD2-8F8A-83BEBD4737B8}.Release|Any CPU.Build.0 = Release|Any CPU
		{4B189B40-34D2-40D6-A905-A366101078DC}.Debug|Any CPU.ActiveCfg = Debug|Any CPU
		{4B189B40-34D2-40D6-A905-A366101078DC}.Debug|Any CPU.Build.0 = Debug|Any CPU
		{4B189B40-34D2-40D6-A905-A366101078DC}.Release|Any CPU.ActiveCfg = Release|Any CPU
		{4B189B40-34D2-40D6-A905-A366101078DC}.Release|Any CPU.Build.0 = Release|Any CPU
		{A6DE4F73-2DA1-4D15-9FBA-507B81653F1B}.Debug|Any CPU.ActiveCfg = Debug|Any CPU
		{A6DE4F73-2DA1-4D15-9FBA-507B81653F1B}.Debug|Any CPU.Build.0 = Debug|Any CPU
		{A6DE4F73-2DA1-4D15-9FBA-507B81653F1B}.Release|Any CPU.ActiveCfg = Release|Any CPU
		{A6DE4F73-2DA1-4D15-9FBA-507B81653F1B}.Release|Any CPU.Build.0 = Release|Any CPU
	EndGlobalSection
	GlobalSection(SolutionProperties) = preSolution
		HideSolutionNode = FALSE
	EndGlobalSection
	GlobalSection(ExtensibilityGlobals) = postSolution
		SolutionGuid = {7A574711-F290-4F25-835B-37FEE72D5C82}
	EndGlobalSection
EndGlobal
