
Microsoft Visual Studio Solution File, Format Version 12.00
# Visual Studio Version 17
VisualStudioVersion = 17.5.33627.172
MinimumVisualStudioVersion = 10.0.40219.1
Project("{9A19103F-16F7-4668-BE54-9A1E7A4F7556}") = "EntityFrameworkCore", "EntityFrameworkCore\EntityFrameworkCore.csproj", "{8C5EA491-1485-4DF2-A7E9-B1DF19ED9F59}"
EndProject
Project("{9A19103F-16F7-4668-BE54-9A1E7A4F7556}") = "10_PersistingTheData", "10_PersistingTheData\10_PersistingTheData.csproj", "{B78B2175-71A4-44E5-8ACB-5A155AAEF05D}"
EndProject
Project("{9A19103F-16F7-4668-BE54-9A1E7A4F7556}") = "11_PersistingTheDataUpdate", "11_PersistingTheDataUpdate\11_PersistingTheDataUpdate.csproj", "{13805A5A-9A40-48BC-AA9D-33EDDED211F2}"
EndProject
Project("{9A19103F-16F7-4668-BE54-9A1E7A4F7556}") = "12_PersistingTheDataDelete", "12_PersistingTheDataDelete\12_PersistingTheDataDelete.csproj", "{F6CFD5FE-5D77-4E06-B0BA-D4350404B1AD}"
EndProject
Project("{9A19103F-16F7-4668-BE54-9A1E7A4F7556}") = "13_Querying", "13_Querying\13_Querying.csproj", "{1F5AFD2D-DBC3-4E57-99CB-6675D7157468}"
EndProject
Project("{9A19103F-16F7-4668-BE54-9A1E7A4F7556}") = "14_ChangeTracker", "14_ChangeTracker\14_ChangeTracker.csproj", "{7C6C6CFE-0089-4B05-86BC-84B9B23B67F5}"
EndProject
Project("{9A19103F-16F7-4668-BE54-9A1E7A4F7556}") = "15_Tracking", "15_Tracking\15_Tracking.csproj", "{2ABEF608-6953-4FD2-8F8A-83BEBD4737B8}"
EndProject
Project("{9A19103F-16F7-4668-BE54-9A1E7A4F7556}") = "16_Relationships", "16_Relationships\16_Relationships.csproj", "{4B189B40-34D2-40D6-A905-A366101078DC}"
EndProject
Project("{9A19103F-16F7-4668-BE54-9A1E7A4F7556}") = "17_One_To_One_Relationship", "One_To_One_Relationship\17_One_To_One_Relationship.csproj", "{A6DE4F73-2DA1-4D15-9FBA-507B81653F1B}"
EndProject
Project("{9A19103F-16F7-4668-BE54-9A1E7A4F7556}") = "18_One_To_Many_Relationship", "18_One_To_Many_Relationship\18_One_To_Many_Relationship.csproj", "{94A49B89-B593-4C0F-A3E1-6008D7E85E64}"
EndProject
Project("{9A19103F-16F7-4668-BE54-9A1E7A4F7556}") = "19_Many_To_Many_Relationship", "19_Many_To_Many_Relationship\19_Many_To_Many_Relationship.csproj", "{2654B808-DE49-4DF5-8D66-5BD60DF45353}"
EndProject
Project("{9A19103F-16F7-4668-BE54-9A1E7A4F7556}") = "20_Saving_Related_Data", "Saving_Related_Data\20_Saving_Related_Data.csproj", "{F7D29E03-DDE6-4C12-AE56-AD3AB864CFED}"
EndProject
Project("{9A19103F-16F7-4668-BE54-9A1E7A4F7556}") = "21_Update_Related_Data", "21_Update_Related_Data\21_Update_Related_Data.csproj", "{47C6063B-F628-46E0-BBE5-03FCA39EA546}"
EndProject
Project("{9A19103F-16F7-4668-BE54-9A1E7A4F7556}") = "22_Backing_Fields", "22_Backing_Fields\22_Backing_Fields.csproj", "{E1A201A0-6801-47DD-8F6C-89CA890F180E}"
EndProject
Project("{9A19103F-16F7-4668-BE54-9A1E7A4F7556}") = "23_Shadow_Property", "23_Shadow_Property\23_Shadow_Property.csproj", "{3C70137D-9BD5-4B1C-B68F-FBE5F64B38CE}"
EndProject
Project("{9A19103F-16F7-4668-BE54-9A1E7A4F7556}") = "24_EF_Core_Configurations", "24_EF_Core_Configurations\24_EF_Core_Configurations.csproj", "{540EED4C-38D5-4372-8429-B76DA4CB7B66}"
EndProject
Project("{9A19103F-16F7-4668-BE54-9A1E7A4F7556}") = "25_Generated_Values", "25_Generated_Values\25_Generated_Values.csproj", "{263E7919-EA4E-4DCB-A84D-B6357F80FC99}"
EndProject
Project("{9A19103F-16F7-4668-BE54-9A1E7A4F7556}") = "26_Data_Seeding", "26_Data_Seeding\26_Data_Seeding.csproj", "{A2BC378C-075B-4D6F-9778-F4EFC60756C3}"
EndProject
Project("{9A19103F-16F7-4668-BE54-9A1E7A4F7556}") = "27_Inheritance_Table_Per_Hierarchy", "27_Inheritance_Table_Per_Hierarchy\27_Inheritance_Table_Per_Hierarchy.csproj", "{242DABB8-8D44-4F87-8B32-46C1143F787E}"
EndProject
Project("{9A19103F-16F7-4668-BE54-9A1E7A4F7556}") = "28_Inheritance_Table_Per_Type", "28_Inheritance_Table_Per_Type\28_Inheritance_Table_Per_Type.csproj", "{263FCBDF-6CB3-4E77-9252-3BB8493BFA8B}"
EndProject
Project("{9A19103F-16F7-4668-BE54-9A1E7A4F7556}") = "29_Inheritance_Table_Per_Concrete_Type", "29_Inheritance_Table_Per_Concrete_Type\29_Inheritance_Table_Per_Concrete_Type.csproj", "{F7BE50D3-8867-4FCF-AB62-5C5B29E5FB65}"
EndProject
Project("{9A19103F-16F7-4668-BE54-9A1E7A4F7556}") = "30_Constraints", "30_Constraints\30_Constraints.csproj", "{B54E182E-E0E6-4DB2-9A2A-2F3ACB4A36E3}"
EndProject
Project("{FAE04EC0-301F-11D3-BF4B-00C04F79EFBC}") = "31_Indexes", "31_Indexes\31_Indexes.csproj", "{06389A81-EE6C-41EB-B6EA-61A3540107C2}"
EndProject
Global
	GlobalSection(SolutionConfigurationPlatforms) = preSolution
		Debug|Any CPU = Debug|Any CPU
		Release|Any CPU = Release|Any CPU
	EndGlobalSection
	GlobalSection(ProjectConfigurationPlatforms) = postSolution
		{8C5EA491-1485-4DF2-A7E9-B1DF19ED9F59}.Debug|Any CPU.ActiveCfg = Debug|Any CPU
		{8C5EA491-1485-4DF2-A7E9-B1DF19ED9F59}.Debug|Any CPU.Build.0 = Debug|Any CPU
		{8C5EA491-1485-4DF2-A7E9-B1DF19ED9F59}.Release|Any CPU.ActiveCfg = Release|Any CPU
		{8C5EA491-1485-4DF2-A7E9-B1DF19ED9F59}.Release|Any CPU.Build.0 = Release|Any CPU
		{B78B2175-71A4-44E5-8ACB-5A155AAEF05D}.Debug|Any CPU.ActiveCfg = Debug|Any CPU
		{B78B2175-71A4-44E5-8ACB-5A155AAEF05D}.Debug|Any CPU.Build.0 = Debug|Any CPU
		{B78B2175-71A4-44E5-8ACB-5A155AAEF05D}.Release|Any CPU.ActiveCfg = Release|Any CPU
		{B78B2175-71A4-44E5-8ACB-5A155AAEF05D}.Release|Any CPU.Build.0 = Release|Any CPU
		{13805A5A-9A40-48BC-AA9D-33EDDED211F2}.Debug|Any CPU.ActiveCfg = Debug|Any CPU
		{13805A5A-9A40-48BC-AA9D-33EDDED211F2}.Debug|Any CPU.Build.0 = Debug|Any CPU
		{13805A5A-9A40-48BC-AA9D-33EDDED211F2}.Release|Any CPU.ActiveCfg = Release|Any CPU
		{13805A5A-9A40-48BC-AA9D-33EDDED211F2}.Release|Any CPU.Build.0 = Release|Any CPU
		{F6CFD5FE-5D77-4E06-B0BA-D4350404B1AD}.Debug|Any CPU.ActiveCfg = Debug|Any CPU
		{F6CFD5FE-5D77-4E06-B0BA-D4350404B1AD}.Debug|Any CPU.Build.0 = Debug|Any CPU
		{F6CFD5FE-5D77-4E06-B0BA-D4350404B1AD}.Release|Any CPU.ActiveCfg = Release|Any CPU
		{F6CFD5FE-5D77-4E06-B0BA-D4350404B1AD}.Release|Any CPU.Build.0 = Release|Any CPU
		{1F5AFD2D-DBC3-4E57-99CB-6675D7157468}.Debug|Any CPU.ActiveCfg = Debug|Any CPU
		{1F5AFD2D-DBC3-4E57-99CB-6675D7157468}.Debug|Any CPU.Build.0 = Debug|Any CPU
		{1F5AFD2D-DBC3-4E57-99CB-6675D7157468}.Release|Any CPU.ActiveCfg = Release|Any CPU
		{1F5AFD2D-DBC3-4E57-99CB-6675D7157468}.Release|Any CPU.Build.0 = Release|Any CPU
		{7C6C6CFE-0089-4B05-86BC-84B9B23B67F5}.Debug|Any CPU.ActiveCfg = Debug|Any CPU
		{7C6C6CFE-0089-4B05-86BC-84B9B23B67F5}.Debug|Any CPU.Build.0 = Debug|Any CPU
		{7C6C6CFE-0089-4B05-86BC-84B9B23B67F5}.Release|Any CPU.ActiveCfg = Release|Any CPU
		{7C6C6CFE-0089-4B05-86BC-84B9B23B67F5}.Release|Any CPU.Build.0 = Release|Any CPU
		{2ABEF608-6953-4FD2-8F8A-83BEBD4737B8}.Debug|Any CPU.ActiveCfg = Debug|Any CPU
		{2ABEF608-6953-4FD2-8F8A-83BEBD4737B8}.Debug|Any CPU.Build.0 = Debug|Any CPU
		{2ABEF608-6953-4FD2-8F8A-83BEBD4737B8}.Release|Any CPU.ActiveCfg = Release|Any CPU
		{2ABEF608-6953-4FD2-8F8A-83BEBD4737B8}.Release|Any CPU.Build.0 = Release|Any CPU
		{4B189B40-34D2-40D6-A905-A366101078DC}.Debug|Any CPU.ActiveCfg = Debug|Any CPU
		{4B189B40-34D2-40D6-A905-A366101078DC}.Debug|Any CPU.Build.0 = Debug|Any CPU
		{4B189B40-34D2-40D6-A905-A366101078DC}.Release|Any CPU.ActiveCfg = Release|Any CPU
		{4B189B40-34D2-40D6-A905-A366101078DC}.Release|Any CPU.Build.0 = Release|Any CPU
		{A6DE4F73-2DA1-4D15-9FBA-507B81653F1B}.Debug|Any CPU.ActiveCfg = Debug|Any CPU
		{A6DE4F73-2DA1-4D15-9FBA-507B81653F1B}.Debug|Any CPU.Build.0 = Debug|Any CPU
		{A6DE4F73-2DA1-4D15-9FBA-507B81653F1B}.Release|Any CPU.ActiveCfg = Release|Any CPU
		{A6DE4F73-2DA1-4D15-9FBA-507B81653F1B}.Release|Any CPU.Build.0 = Release|Any CPU
		{94A49B89-B593-4C0F-A3E1-6008D7E85E64}.Debug|Any CPU.ActiveCfg = Debug|Any CPU
		{94A49B89-B593-4C0F-A3E1-6008D7E85E64}.Debug|Any CPU.Build.0 = Debug|Any CPU
		{94A49B89-B593-4C0F-A3E1-6008D7E85E64}.Release|Any CPU.ActiveCfg = Release|Any CPU
		{94A49B89-B593-4C0F-A3E1-6008D7E85E64}.Release|Any CPU.Build.0 = Release|Any CPU
		{2654B808-DE49-4DF5-8D66-5BD60DF45353}.Debug|Any CPU.ActiveCfg = Debug|Any CPU
		{2654B808-DE49-4DF5-8D66-5BD60DF45353}.Debug|Any CPU.Build.0 = Debug|Any CPU
		{2654B808-DE49-4DF5-8D66-5BD60DF45353}.Release|Any CPU.ActiveCfg = Release|Any CPU
		{2654B808-DE49-4DF5-8D66-5BD60DF45353}.Release|Any CPU.Build.0 = Release|Any CPU
		{F7D29E03-DDE6-4C12-AE56-AD3AB864CFED}.Debug|Any CPU.ActiveCfg = Debug|Any CPU
		{F7D29E03-DDE6-4C12-AE56-AD3AB864CFED}.Debug|Any CPU.Build.0 = Debug|Any CPU
		{F7D29E03-DDE6-4C12-AE56-AD3AB864CFED}.Release|Any CPU.ActiveCfg = Release|Any CPU
		{F7D29E03-DDE6-4C12-AE56-AD3AB864CFED}.Release|Any CPU.Build.0 = Release|Any CPU
		{47C6063B-F628-46E0-BBE5-03FCA39EA546}.Debug|Any CPU.ActiveCfg = Debug|Any CPU
		{47C6063B-F628-46E0-BBE5-03FCA39EA546}.Debug|Any CPU.Build.0 = Debug|Any CPU
		{47C6063B-F628-46E0-BBE5-03FCA39EA546}.Release|Any CPU.ActiveCfg = Release|Any CPU
		{47C6063B-F628-46E0-BBE5-03FCA39EA546}.Release|Any CPU.Build.0 = Release|Any CPU
		{E1A201A0-6801-47DD-8F6C-89CA890F180E}.Debug|Any CPU.ActiveCfg = Debug|Any CPU
		{E1A201A0-6801-47DD-8F6C-89CA890F180E}.Debug|Any CPU.Build.0 = Debug|Any CPU
		{E1A201A0-6801-47DD-8F6C-89CA890F180E}.Release|Any CPU.ActiveCfg = Release|Any CPU
		{E1A201A0-6801-47DD-8F6C-89CA890F180E}.Release|Any CPU.Build.0 = Release|Any CPU
		{3C70137D-9BD5-4B1C-B68F-FBE5F64B38CE}.Debug|Any CPU.ActiveCfg = Debug|Any CPU
		{3C70137D-9BD5-4B1C-B68F-FBE5F64B38CE}.Debug|Any CPU.Build.0 = Debug|Any CPU
		{3C70137D-9BD5-4B1C-B68F-FBE5F64B38CE}.Release|Any CPU.ActiveCfg = Release|Any CPU
		{3C70137D-9BD5-4B1C-B68F-FBE5F64B38CE}.Release|Any CPU.Build.0 = Release|Any CPU
		{540EED4C-38D5-4372-8429-B76DA4CB7B66}.Debug|Any CPU.ActiveCfg = Debug|Any CPU
		{540EED4C-38D5-4372-8429-B76DA4CB7B66}.Debug|Any CPU.Build.0 = Debug|Any CPU
		{540EED4C-38D5-4372-8429-B76DA4CB7B66}.Release|Any CPU.ActiveCfg = Release|Any CPU
		{540EED4C-38D5-4372-8429-B76DA4CB7B66}.Release|Any CPU.Build.0 = Release|Any CPU
		{263E7919-EA4E-4DCB-A84D-B6357F80FC99}.Debug|Any CPU.ActiveCfg = Debug|Any CPU
		{263E7919-EA4E-4DCB-A84D-B6357F80FC99}.Debug|Any CPU.Build.0 = Debug|Any CPU
		{263E7919-EA4E-4DCB-A84D-B6357F80FC99}.Release|Any CPU.ActiveCfg = Release|Any CPU
		{263E7919-EA4E-4DCB-A84D-B6357F80FC99}.Release|Any CPU.Build.0 = Release|Any CPU
		{A2BC378C-075B-4D6F-9778-F4EFC60756C3}.Debug|Any CPU.ActiveCfg = Debug|Any CPU
		{A2BC378C-075B-4D6F-9778-F4EFC60756C3}.Debug|Any CPU.Build.0 = Debug|Any CPU
		{A2BC378C-075B-4D6F-9778-F4EFC60756C3}.Release|Any CPU.ActiveCfg = Release|Any CPU
		{A2BC378C-075B-4D6F-9778-F4EFC60756C3}.Release|Any CPU.Build.0 = Release|Any CPU
		{242DABB8-8D44-4F87-8B32-46C1143F787E}.Debug|Any CPU.ActiveCfg = Debug|Any CPU
		{242DABB8-8D44-4F87-8B32-46C1143F787E}.Debug|Any CPU.Build.0 = Debug|Any CPU
		{242DABB8-8D44-4F87-8B32-46C1143F787E}.Release|Any CPU.ActiveCfg = Release|Any CPU
		{242DABB8-8D44-4F87-8B32-46C1143F787E}.Release|Any CPU.Build.0 = Release|Any CPU
		{263FCBDF-6CB3-4E77-9252-3BB8493BFA8B}.Debug|Any CPU.ActiveCfg = Debug|Any CPU
		{263FCBDF-6CB3-4E77-9252-3BB8493BFA8B}.Debug|Any CPU.Build.0 = Debug|Any CPU
		{263FCBDF-6CB3-4E77-9252-3BB8493BFA8B}.Release|Any CPU.ActiveCfg = Release|Any CPU
		{263FCBDF-6CB3-4E77-9252-3BB8493BFA8B}.Release|Any CPU.Build.0 = Release|Any CPU
		{F7BE50D3-8867-4FCF-AB62-5C5B29E5FB65}.Debug|Any CPU.ActiveCfg = Debug|Any CPU
		{F7BE50D3-8867-4FCF-AB62-5C5B29E5FB65}.Debug|Any CPU.Build.0 = Debug|Any CPU
		{F7BE50D3-8867-4FCF-AB62-5C5B29E5FB65}.Release|Any CPU.ActiveCfg = Release|Any CPU
		{F7BE50D3-8867-4FCF-AB62-5C5B29E5FB65}.Release|Any CPU.Build.0 = Release|Any CPU
		{B54E182E-E0E6-4DB2-9A2A-2F3ACB4A36E3}.Debug|Any CPU.ActiveCfg = Debug|Any CPU
		{B54E182E-E0E6-4DB2-9A2A-2F3ACB4A36E3}.Debug|Any CPU.Build.0 = Debug|Any CPU
		{B54E182E-E0E6-4DB2-9A2A-2F3ACB4A36E3}.Release|Any CPU.ActiveCfg = Release|Any CPU
		{B54E182E-E0E6-4DB2-9A2A-2F3ACB4A36E3}.Release|Any CPU.Build.0 = Release|Any CPU
		{06389A81-EE6C-41EB-B6EA-61A3540107C2}.Debug|Any CPU.ActiveCfg = Debug|Any CPU
		{06389A81-EE6C-41EB-B6EA-61A3540107C2}.Debug|Any CPU.Build.0 = Debug|Any CPU
		{06389A81-EE6C-41EB-B6EA-61A3540107C2}.Release|Any CPU.ActiveCfg = Release|Any CPU
		{06389A81-EE6C-41EB-B6EA-61A3540107C2}.Release|Any CPU.Build.0 = Release|Any CPU
	EndGlobalSection
	GlobalSection(SolutionProperties) = preSolution
		HideSolutionNode = FALSE
	EndGlobalSection
	GlobalSection(ExtensibilityGlobals) = postSolution
		SolutionGuid = {7A574711-F290-4F25-835B-37FEE72D5C82}
	EndGlobalSection
EndGlobal
